
Microsoft Visual Studio Solution File, Format Version 12.00
# Visual Studio Version 16
VisualStudioVersion = 16.0.31624.102
MinimumVisualStudioVersion = 10.0.40219.1
Project("{FAE04EC0-301F-11D3-BF4B-00C04F79EFBC}") = "avo", "avo.csproj", "{A276D3E0-E361-4E44-8CEE-D1E6419D7582}"
EndProject
Global
	GlobalSection(SolutionConfigurationPlatforms) = preSolution
		Debug|Any CPU = Debug|Any CPU
		Release|Any CPU = Release|Any CPU
	EndGlobalSection
	GlobalSection(ProjectConfigurationPlatforms) = postSolution
		{A276D3E0-E361-4E44-8CEE-D1E6419D7582}.Debug|Any CPU.ActiveCfg = Debug|Any CPU
		{A276D3E0-E361-4E44-8CEE-D1E6419D7582}.Debug|Any CPU.Build.0 = Debug|Any CPU
		{A276D3E0-E361-4E44-8CEE-D1E6419D7582}.Release|Any CPU.ActiveCfg = Release|Any CPU
		{A276D3E0-E361-4E44-8CEE-D1E6419D7582}.Release|Any CPU.Build.0 = Release|Any CPU
	EndGlobalSection
	GlobalSection(SolutionProperties) = preSolution
		HideSolutionNode = FALSE
	EndGlobalSection
	GlobalSection(ExtensibilityGlobals) = postSolution
		SolutionGuid = {3FC1FC16-4B3F-4CD6-967A-16985998F128}
	EndGlobalSection
EndGlobal
